
Microsoft Visual Studio Solution File, Format Version 12.00
# Visual Studio 15
VisualStudioVersion = 15.0.28307.1259
MinimumVisualStudioVersion = 10.0.40219.1
Project("{8BC9CEB8-8B4A-11D0-8D11-00A0C91BC942}") = "ServerCLR", "ServerCLR\ServerCLR.vcxproj", "{DB04D481-542C-48E9-A84D-0E613EAD37EE}"
EndProject
Global
	GlobalSection(SolutionConfigurationPlatforms) = preSolution
		Debug|x64 = Debug|x64
		Debug|x86 = Debug|x86
		Release|x64 = Release|x64
		Release|x86 = Release|x86
	EndGlobalSection
	GlobalSection(ProjectConfigurationPlatforms) = postSolution
		{DB04D481-542C-48E9-A84D-0E613EAD37EE}.Debug|x64.ActiveCfg = Debug|x64
		{DB04D481-542C-48E9-A84D-0E613EAD37EE}.Debug|x64.Build.0 = Debug|x64
		{DB04D481-542C-48E9-A84D-0E613EAD37EE}.Debug|x86.ActiveCfg = Debug|Win32
		{DB04D481-542C-48E9-A84D-0E613EAD37EE}.Debug|x86.Build.0 = Debug|Win32
		{DB04D481-542C-48E9-A84D-0E613EAD37EE}.Release|x64.ActiveCfg = Release|x64
		{DB04D481-542C-48E9-A84D-0E613EAD37EE}.Release|x64.Build.0 = Release|x64
		{DB04D481-542C-48E9-A84D-0E613EAD37EE}.Release|x86.ActiveCfg = Release|Win32
		{DB04D481-542C-48E9-A84D-0E613EAD37EE}.Release|x86.Build.0 = Release|Win32
	EndGlobalSection
	GlobalSection(SolutionProperties) = preSolution
		HideSolutionNode = FALSE
	EndGlobalSection
	GlobalSection(ExtensibilityGlobals) = postSolution
		SolutionGuid = {9D50D7FC-51F3-4BD7-81C1-6AD1C4D2F43C}
	EndGlobalSection
EndGlobal
